version = 1
revision = 3
requires-python = ">=3.9"
resolution-markers = [
    "python_full_version >= '3.10'",
    "python_full_version < '3.10'",
]

[[package]]
name = "db-magic"
version = "0.1.0"
source = { virtual = "." }
dependencies = [
    { name = "sqlalchemy" },
]

[package.metadata]
requires-dist = [{ name = "sqlalchemy", specifier = ">=2.0.49" }]

[[package]]
name = "greenlet"
version = "3.2.5"
source = { registry = "https://pypi.org/simple" }
resolution-markers = [
    "python_full_version < '3.10'",
]
sdist = { url = "https://files.pythonhosted.org/packages/b0/f5/3e9eafb4030588337b2a2ae4df46212956854e9069c07b53aa3caabafd47/greenlet-3.2.5.tar.gz", hash = "sha256:c816554eb33e7ecf9ba4defcb1fd8c994e59be6b4110da15480b3e7447ea4286", size = 191501, upload-time = "2026-02-20T20:08:51.539Z" }
wheels = [
    { url = "https://files.pythonhosted.org/packages/ff/d6/b3db928fc329b1b19ba32ffe143d2305f3aaafc583f5e1074c74ec445189/greenlet-3.2.5-cp310-cp310-macosx_11_0_universal2.whl", hash = "sha256:34cc7cf8ab6f4b85298b01e13e881265ee7b3c1daf6bc10a2944abc15d4f87c3", size = 275803, upload-time = "2026-02-20T20:06:42.541Z" },
    { url = "https://files.pythonhosted.org/packages/b3/ff/ab0ad4ff3d9e1faa266de4f6c79763b33fccd9265995f2940192494cc0ec/greenlet-3.2.5-cp310-cp310-manylinux2014_aarch64.manylinux_2_17_aarch64.whl", hash = "sha256:c11fe0cfb0ce33132f0b5d27eeadd1954976a82e5e9b60909ec2c4b884a55382", size = 633556, upload-time = "2026-02-20T20:30:41.594Z" },
    { url = "https://files.pythonhosted.org/packages/da/dd/7b3ac77099a1671af8077ecedb12c9a1be1310e4c35bb69fd34c18ab6093/greenlet-3.2.5-cp310-cp310-manylinux2014_ppc64le.manylinux_2_17_ppc64le.whl", hash = "sha256:a145f4b1c4ed7a2c94561b7f18b4beec3d3fb6f0580db22f7ed1d544e0620b34", size = 644943, upload-time = "2026-02-20T20:37:23.084Z" },
    { url = "https://files.pythonhosted.org/packages/0f/36/84630e9ff1dfc8b7690957c0f77834a84eabdbd9c4977c3a2d0cbd5325c2/greenlet-3.2.5-cp310-cp310-manylinux2014_x86_64.manylinux_2_17_x86_64.whl", hash = "sha256:cc1d01bdd67db3e5711e6246e451d7a0f75fae7bbf40adde129296a7f9aa7cc9", size = 639841, upload-time = "2026-02-20T20:07:17.473Z" },
    { url = "https://files.pythonhosted.org/packages/12/c4/6a2ee6c676dea7a05a3c3c1291fbc8ea44f26456b0accc891471293825af/greenlet-3.2.5-cp310-cp310-manylinux_2_24_x86_64.manylinux_2_28_x86_64.whl", hash = "sha256:bd593db7ee1fa8a513a48a404f8cc4126998a48025e3f5cbbc68d51be0a6bf66", size = 588813, upload-time = "2026-02-20T20:07:56.171Z" },
    { url = "https://files.pythonhosted.org/packages/01/c0/75e75c2c993aa850292561ec80f5c263e3924e5843aa95a38716df69304c/greenlet-3.2.5-cp310-cp310-musllinux_1_1_aarch64.whl", hash = "sha256:ac8db07bced2c39b987bba13a3195f8157b0cfbce54488f86919321444a1cc3c", size = 1117377, upload-time = "2026-02-20T20:32:48.452Z" },
    { url = "https://files.pythonhosted.org/packages/ee/03/e38ebf9024a0873fe8f60f5b7bc36bfb3be5e13efe4d798240f2d1f0fb73/greenlet-3.2.5-cp310-cp310-musllinux_1_1_x86_64.whl", hash = "sha256:4544ab2cfd5912e42458b13516429e029f87d8bbcdc8d5506db772941ae12493", size = 1141246, upload-time = "2026-02-20T20:06:23.576Z" },
    { url = "https://files.pythonhosted.org/packages/d8/7b/c6e1192c795c0c12871e199237909a6bd35757d92c8472c7c019959b8637/greenlet-3.2.5-cp311-cp311-macosx_11_0_universal2.whl", hash = "sha256:acabf468466d18017e2ae5fbf1a5a88b86b48983e550e1ae1437b69a83d9f4ac", size = 276916, upload-time = "2026-02-20T20:06:18.166Z" },
    { url = "https://files.pythonhosted.org/packages/3e/b6/9887b559f3e1952d23052ec352e9977e808a2246c7cb8282a38337221e88/greenlet-3.2.5-cp311-cp311-manylinux2014_aarch64.manylinux_2_17_aarch64.whl", hash = "sha256:472841de62d60f2cafd60edd4fd4dd7253eb70e6eaf14b8990dcaf177f4af957", size = 636107, upload-time = "2026-02-20T20:30:43.362Z" },
    { url = "https://files.pythonhosted.org/packages/8a/be/e3e48b63bbc27d660fa1d98aecb64906b90a12e686a436169c1330ef34b2/greenlet-3.2.5-cp311-cp311-manylinux2014_ppc64le.manylinux_2_17_ppc64le.whl", hash = "sha256:7d951e7d628a6e8b68af469f0fe4f100ef64c4054abeb9cdafbfaa30a920c950", size = 648240, upload-time = "2026-02-20T20:37:24.608Z" },
    { url = "https://files.pythonhosted.org/packages/4c/ac/e731ed62576e91e533b36d0d97325adc2786674ab9e48ed8a6a24f4ef4e9/greenlet-3.2.5-cp311-cp311-manylinux2014_x86_64.manylinux_2_17_x86_64.whl", hash = "sha256:c8317d732e2ae0935d9ed2af2ea876fa714cf6f3b887a31ca150b54329b0a6e9", size = 643313, upload-time = "2026-02-20T20:07:19.012Z" },
    { url = "https://files.pythonhosted.org/packages/70/64/99e5cdceb494bd4c1341c45b93f322601d2c8a5e1e4d1c7a2d24c5ed0570/greenlet-3.2.5-cp311-cp311-manylinux_2_24_x86_64.manylinux_2_28_x86_64.whl", hash = "sha256:ce8aed6fdd5e07d3cbb988cbdc188266a4eb9e1a52db9ef5c6526e59962d3933", size = 591295, upload-time = "2026-02-20T20:07:57.286Z" },
    { url = "https://files.pythonhosted.org/packages/ee/e9/968e11f388c2b8792d3b8b40a57984c894a3b4745dae3662dce722653bc5/greenlet-3.2.5-cp311-cp311-musllinux_1_1_aarch64.whl", hash = "sha256:60c06b502d56d5451f60ca665691da29f79ed95e247bcf8ce5024d7bbe64acb9", size = 1120277, upload-time = "2026-02-20T20:32:50.103Z" },
    { url = "https://files.pythonhosted.org/packages/cb/2c/b5f2c4c68d753dce08218dc5a6b21d82238fdfdc44309032f6fe24d285e6/greenlet-3.2.5-cp311-cp311-musllinux_1_1_x86_64.whl", hash = "sha256:0d2a78e6f1bf3f1672df91e212a2f8314e1e7c922f065d14cbad4bc815059467", size = 1145746, upload-time = "2026-02-20T20:06:26.296Z" },
    { url = "https://files.pythonhosted.org/packages/ad/32/022b21523eee713e7550162d5ca6aed23f913cc2c6232b154b9fd9badc07/greenlet-3.2.5-cp312-cp312-macosx_11_0_universal2.whl", hash = "sha256:2acb30e77042f747ca81f0a10cc153296567e92e666c5e1b117f4595afd43352", size = 278412, upload-time = "2026-02-20T20:03:15.02Z" },
    { url = "https://files.pythonhosted.org/packages/90/c5/8a3b0ed3cc34d8b988a44349437dfa0941f9c23ac108175f7b4ccea97111/greenlet-3.2.5-cp312-cp312-manylinux2014_aarch64.manylinux_2_17_aarch64.whl", hash = "sha256:393c03c26c865f17f31d8db2f09603fadbe0581ad85a5d5908b131549fc38217", size = 644616, upload-time = "2026-02-20T20:30:44.823Z" },
    { url = "https://files.pythonhosted.org/packages/b1/2c/2627bea183554695016af6cae93d7474fa90f61e5a6601a84ae7841cb720/greenlet-3.2.5-cp312-cp312-manylinux2014_ppc64le.manylinux_2_17_ppc64le.whl", hash = "sha256:04e6a202cde56043fd355fefd1552c4caa5c087528121871d950eb4f1b51fa99", size = 658813, upload-time = "2026-02-20T20:37:26.255Z" },
    { url = "https://files.pythonhosted.org/packages/2f/1b/75a5aeff487a26ba427a3837da6372f1fe6f2a9c6b2898e28ac99d491c11/greenlet-3.2.5-cp312-cp312-manylinux2014_x86_64.manylinux_2_17_x86_64.whl", hash = "sha256:45fcea7b697b91290b36eafc12fff479aca6ba6500d98ef6f34d5634c7119cbe", size = 655426, upload-time = "2026-02-20T20:07:20.124Z" },
    { url = "https://files.pythonhosted.org/packages/53/91/9b5dfb4f3c88f8247c7a8f4c3759f0740bfa6bb0c59a9f6bf938e913df56/greenlet-3.2.5-cp312-cp312-manylinux_2_24_x86_64.manylinux_2_28_x86_64.whl", hash = "sha256:f96e2bb8a56b7e1aed1dbfbbe0050cb2ecca99c7c91892fd1771e3afab63b3e3", size = 611138, upload-time = "2026-02-20T20:07:58.966Z" },
    { url = "https://files.pythonhosted.org/packages/b4/8d/d0b086410512d9859c84e9242a9b341de9f5566011ddf3a3f6886b842b61/greenlet-3.2.5-cp312-cp312-musllinux_1_1_aarch64.whl", hash = "sha256:d7456e67b0be653dfe643bb37d9566cd30939c80f858e2ce6d2d54951f75b14a", size = 1126896, upload-time = "2026-02-20T20:32:52.198Z" },
    { url = "https://files.pythonhosted.org/packages/ef/37/59fe12fe456e84ced6ba71781e28cde52a3124d1dd2077bc1727021f49fd/greenlet-3.2.5-cp312-cp312-musllinux_1_1_x86_64.whl", hash = "sha256:5ceb29d1f74c7280befbbfa27b9bf91ba4a07a1a00b2179a5d953fc219b16c42", size = 1154779, upload-time = "2026-02-20T20:06:27.583Z" },
    { url = "https://files.pythonhosted.org/packages/dd/95/d5d332fb73affaf7a1fbe80e49c2c7eae4f17c645af24a3b3fa25736d6f0/greenlet-3.2.5-cp313-cp313-macosx_11_0_universal2.whl", hash = "sha256:f2cc88b50b9006b324c1b9f5f3552f9d4564c78af57cdfb4c7baf4f0aa089146", size = 277166, upload-time = "2026-02-20T20:03:57.077Z" },
    { url = "https://files.pythonhosted.org/packages/6c/77/89458e20db5a4f1c64f9a0191561227e76d809941ca2d7529006d17d3450/greenlet-3.2.5-cp313-cp313-manylinux2014_aarch64.manylinux_2_17_aarch64.whl", hash = "sha256:e66872daffa360b2537170b73ad530f14fa31785b1bc78080125d92edf0a6def", size = 644674, upload-time = "2026-02-20T20:30:46.118Z" },
    { url = "https://files.pythonhosted.org/packages/90/f8/9962175d2f2eaa629a7fd7545abacc8c4deda3baa4e52c1526d2eb5f5546/greenlet-3.2.5-cp313-cp313-manylinux2014_ppc64le.manylinux_2_17_ppc64le.whl", hash = "sha256:c5445ddb7b586d870dad32ca9fc47c287d6022a528d194efdb8912093c5303ad", size = 658834, upload-time = "2026-02-20T20:37:27.466Z" },
    { url = "https://files.pythonhosted.org/packages/f5/d7/826d0e080f0a7ad5ec47c8d143bbd3ca0887657bb806595fe2434d12938a/greenlet-3.2.5-cp313-cp313-manylinux2014_x86_64.manylinux_2_17_x86_64.whl", hash = "sha256:752c896a8c976548faafe8a306d446c6a4c68d4fd24699b84d4393bd9ac69a8e", size = 655760, upload-time = "2026-02-20T20:07:21.551Z" },
    { url = "https://files.pythonhosted.org/packages/41/cc/33bd4c2f816be8c8e16f71740c4130adf3a66a3dd2ba29de72b9d8dd1096/greenlet-3.2.5-cp313-cp313-manylinux_2_24_x86_64.manylinux_2_28_x86_64.whl", hash = "sha256:499b809e7738c8af0ff9ac9d5dd821cb93f4293065a9237543217f0b252f950a", size = 614132, upload-time = "2026-02-20T20:08:00.351Z" },
    { url = "https://files.pythonhosted.org/packages/48/79/f3891dcfc59097474a53cc3c624f2f2465e431ab493bda043b8c873fb20a/greenlet-3.2.5-cp313-cp313-musllinux_1_1_aarch64.whl", hash = "sha256:2c7429f6e9cea7cbf2637d86d3db12806ba970f7f972fcab39d6b54b4457cbaf", size = 1125286, upload-time = "2026-02-20T20:32:54.032Z" },
    { url = "https://files.pythonhosted.org/packages/ca/47/212b47e6d2d7a04c4083db1af2fdd291bc8fe99b7e3571bfa560b65fc361/greenlet-3.2.5-cp313-cp313-musllinux_1_1_x86_64.whl", hash = "sha256:a5e4b25e855800fba17713020c5c33e0a4b7a1829027719344f0c7c8870092a2", size = 1152825, upload-time = "2026-02-20T20:06:29Z" },
    { url = "https://files.pythonhosted.org/packages/f6/9d/4e9b941be05f8da7ba804c6413761d2c11cca05994cbf0a015bd729419f0/greenlet-3.2.5-cp314-cp314-macosx_11_0_universal2.whl", hash = "sha256:7123b29e6bad2f3f89681be4ef316480fca798ebe8d22fbaced9cc3775007a4f", size = 277627, upload-time = "2026-02-20T20:06:04.798Z" },
    { url = "https://files.pythonhosted.org/packages/23/cb/a73625c9a35138330014ecf3740c0d62e0c2b5e7279bb7f2586b1b199fac/greenlet-3.2.5-cp314-cp314-manylinux2014_aarch64.manylinux_2_17_aarch64.whl", hash = "sha256:6e8fe0c72603201a86b2e038daf9b6c8570715f8779566419cff543b6ace88de", size = 690001, upload-time = "2026-02-20T20:30:47.754Z" },
    { url = "https://files.pythonhosted.org/packages/83/49/6d1531109507bce7dfb23acf57a87013627ed3ac058851176e443a6a9134/greenlet-3.2.5-cp314-cp314-manylinux2014_ppc64le.manylinux_2_17_ppc64le.whl", hash = "sha256:050703a60603db0e817364d69e048c70af299040c13a7e67792b9e62d4571196", size = 702953, upload-time = "2026-02-20T20:37:29.125Z" },
    { url = "https://files.pythonhosted.org/packages/f7/38/f958ee90fab93529b30cc1e4a59b27c1112b640570043a84af84da3b3b98/greenlet-3.2.5-cp314-cp314-manylinux2014_x86_64.manylinux_2_17_x86_64.whl", hash = "sha256:6712bfd520530eb67331813f7112d3ee18e206f48b3d026d8a96cd2d2ad20251", size = 698995, upload-time = "2026-02-20T20:07:22.663Z" },
    { url = "https://files.pythonhosted.org/packages/51/c1/a603906e79716d61f08afedaf8aed62017661457aef233d62d6e57ecd511/greenlet-3.2.5-cp314-cp314-manylinux_2_24_x86_64.manylinux_2_28_x86_64.whl", hash = "sha256:0bc06a78fa3ffbe2a75f1ebc7e040eacf6fa1050a9432953ab111fbbbf0d03c1", size = 661175, upload-time = "2026-02-20T20:08:01.477Z" },
    { url = "https://files.pythonhosted.org/packages/3f/8f/f880ff4587d236b4d06893fb34da6b299aa0d00f6c8259673f80e1b6d63c/greenlet-3.2.5-cp39-cp39-macosx_11_0_universal2.whl", hash = "sha256:dbe0e81e24982bb45907ca20152b31c2e3300ca352fdc4acbd4956e4a2cbc195", size = 274946, upload-time = "2026-02-20T20:05:21.979Z" },
    { url = "https://files.pythonhosted.org/packages/3c/50/f6c78b8420187fdfe97fcf2e6d1dd243a7742d272c32fd4d4b1095474b37/greenlet-3.2.5-cp39-cp39-manylinux2014_aarch64.manylinux_2_17_aarch64.whl", hash = "sha256:15871afc0d78ec87d15d8412b337f287fc69f8f669346e391585824970931c48", size = 631781, upload-time = "2026-02-20T20:30:48.845Z" },
    { url = "https://files.pythonhosted.org/packages/26/d6/3277f92e1961e6e9f41d9f173ea74b5c1f7065072637669f761626f26cc0/greenlet-3.2.5-cp39-cp39-manylinux2014_ppc64le.manylinux_2_17_ppc64le.whl", hash = "sha256:5bf0d7d62e356ef2e87e55e46a4e930ac165f9372760fb983b5631bb479e9d3a", size = 643740, upload-time = "2026-02-20T20:37:30.639Z" },
    { url = "https://files.pythonhosted.org/packages/2a/6a/4f79d2e7b5ef3723fc5ffea0d6cb22627e5f95e0f19c973fa12bf1cf7891/greenlet-3.2.5-cp39-cp39-manylinux2014_x86_64.manylinux_2_17_x86_64.whl", hash = "sha256:6dff6433742073e5b6ad40953a78a0e8cddcb3f6869e5ea635d29a810ca5e7d0", size = 638382, upload-time = "2026-02-20T20:07:23.883Z" },
    { url = "https://files.pythonhosted.org/packages/4d/59/7aadf33f23c65dbf4db27e7f5b60c414797a61e954352ae4a86c5c8b0553/greenlet-3.2.5-cp39-cp39-manylinux_2_24_x86_64.manylinux_2_28_x86_64.whl", hash = "sha256:bdd67619cefe1cc9fcab57c8853d2bb36eca9f166c0058cc0d428d471f7c785c", size = 587516, upload-time = "2026-02-20T20:08:02.841Z" },
    { url = "https://files.pythonhosted.org/packages/1d/46/b3422959f830de28a4eea447414e6bd7b980d755892f66ab52ad805da1c4/greenlet-3.2.5-cp39-cp39-musllinux_1_1_aarch64.whl", hash = "sha256:3828b309dfb1f117fe54867512a8265d8d4f00f8de6908eef9b885f4d8789062", size = 1115818, upload-time = "2026-02-20T20:32:55.786Z" },
    { url = "https://files.pythonhosted.org/packages/54/4a/3d1c9728f093415637cf3696909fa10852632e33e68238fb8ca60eb90de1/greenlet-3.2.5-cp39-cp39-musllinux_1_1_x86_64.whl", hash = "sha256:67725ae9fea62c95cf1aa230f1b8d4dc38f7cd14f6103d1df8a5a95657eb8e54", size = 1140219, upload-time = "2026-02-20T20:06:30.334Z" },
]

[[package]]
name = "greenlet"
version = "3.3.2"
source = { registry = "https://pypi.org/simple" }
resolution-markers = [
    "python_full_version >= '3.10'",
]
sdist = { url = "https://files.pythonhosted.org/packages/a3/51/1664f6b78fc6ebbd98019a1fd730e83fa78f2db7058f72b1463d3612b8db/greenlet-3.3.2.tar.gz", hash = "sha256:2eaf067fc6d886931c7962e8c6bede15d2f01965560f3359b27c80bde2d151f2", size = 188267, upload-time = "2026-02-20T20:54:15.531Z" }
wheels = [
    { url = "https://files.pythonhosted.org/packages/38/3f/9859f655d11901e7b2996c6e3d33e0caa9a1d4572c3bc61ed0faa64b2f4c/greenlet-3.3.2-cp310-cp310-macosx_11_0_universal2.whl", hash = "sha256:9bc885b89709d901859cf95179ec9f6bb67a3d2bb1f0e88456461bd4b7f8fd0d", size = 277747, upload-time = "2026-02-20T20:16:21.325Z" },
    { url = "https://files.pythonhosted.org/packages/fb/07/cb284a8b5c6498dbd7cba35d31380bb123d7dceaa7907f606c8ff5993cbf/greenlet-3.3.2-cp310-cp310-manylinux_2_24_aarch64.manylinux_2_28_aarch64.whl", hash = "sha256:b568183cf65b94919be4438dc28416b234b678c608cafac8874dfeeb2a9bbe13", size = 579202, upload-time = "2026-02-20T20:47:28.955Z" },
    { url = "https://files.pythonhosted.org/packages/ed/45/67922992b3a152f726163b19f890a85129a992f39607a2a53155de3448b8/greenlet-3.3.2-cp310-cp310-manylinux_2_24_ppc64le.manylinux_2_28_ppc64le.whl", hash = "sha256:527fec58dc9f90efd594b9b700662ed3fb2493c2122067ac9c740d98080a620e", size = 590620, upload-time = "2026-02-20T20:55:55.581Z" },
    { url = "https://files.pythonhosted.org/packages/ad/55/9f1ebb5a825215fadcc0f7d5073f6e79e3007e3282b14b22d6aba7ca6cb8/greenlet-3.3.2-cp310-cp310-manylinux_2_24_x86_64.manylinux_2_28_x86_64.whl", hash = "sha256:ad0c8917dd42a819fe77e6bdfcb84e3379c0de956469301d9fd36427a1ca501f", size = 591729, upload-time = "2026-02-20T20:20:58.395Z" },
    { url = "https://files.pythonhosted.org/packages/24/b4/21f5455773d37f94b866eb3cf5caed88d6cea6dd2c6e1f9c34f463cba3ec/greenlet-3.3.2-cp310-cp310-musllinux_1_2_aarch64.whl", hash = "sha256:97245cc10e5515dbc8c3104b2928f7f02b6813002770cfaffaf9a6e0fc2b94ef", size = 1551946, upload-time = "2026-02-20T20:49:31.102Z" },
    { url = "https://files.pythonhosted.org/packages/00/68/91f061a926abead128fe1a87f0b453ccf07368666bd59ffa46016627a930/greenlet-3.3.2-cp310-cp310-musllinux_1_2_x86_64.whl", hash = "sha256:8c1fdd7d1b309ff0da81d60a9688a8bd044ac4e18b250320a96fc68d31c209ca", size = 1618494, upload-time = "2026-02-20T20:21:06.541Z" },
    { url = "https://files.pythonhosted.org/packages/ac/78/f93e840cbaef8becaf6adafbaf1319682a6c2d8c1c20224267a5c6c8c891/greenlet-3.3.2-cp310-cp310-win_amd64.whl", hash = "sha256:5d0e35379f93a6d0222de929a25ab47b5eb35b5ef4721c2b9cbcc4036129ff1f", size = 230092, upload-time = "2026-02-20T20:17:09.379Z" },
    { url = "https://files.pythonhosted.org/packages/f3/47/16400cb42d18d7a6bb46f0626852c1718612e35dcb0dffa16bbaffdf5dd2/greenlet-3.3.2-cp311-cp311-macosx_11_0_universal2.whl", hash = "sha256:c56692189a7d1c7606cb794be0a8381470d95c57ce5be03fb3d0ef57c7853b86", size = 278890, upload-time = "2026-02-20T20:19:39.263Z" },
    { url = "https://files.pythonhosted.org/packages/a3/90/42762b77a5b6aa96cd8c0e80612663d39211e8ae8a6cd47c7f1249a66262/greenlet-3.3.2-cp311-cp311-manylinux_2_24_aarch64.manylinux_2_28_aarch64.whl", hash = "sha256:1ebd458fa8285960f382841da585e02201b53a5ec2bac6b156fc623b5ce4499f", size = 581120, upload-time = "2026-02-20T20:47:30.161Z" },
    { url = "https://files.pythonhosted.org/packages/bf/6f/f3d64f4fa0a9c7b5c5b3c810ff1df614540d5aa7d519261b53fba55d4df9/greenlet-3.3.2-cp311-cp311-manylinux_2_24_ppc64le.manylinux_2_28_ppc64le.whl", hash = "sha256:a443358b33c4ec7b05b79a7c8b466f5d275025e750298be7340f8fc63dff2a55", size = 594363, upload-time = "2026-02-20T20:55:56.965Z" },
    { url = "https://files.pythonhosted.org/packages/72/83/3e06a52aca8128bdd4dcd67e932b809e76a96ab8c232a8b025b2850264c5/greenlet-3.3.2-cp311-cp311-manylinux_2_24_x86_64.manylinux_2_28_x86_64.whl", hash = "sha256:8e2cd90d413acbf5e77ae41e5d3c9b3ac1d011a756d7284d7f3f2b806bbd6358", size = 594156, upload-time = "2026-02-20T20:20:59.955Z" },
    { url = "https://files.pythonhosted.org/packages/70/79/0de5e62b873e08fe3cef7dbe84e5c4bc0e8ed0c7ff131bccb8405cd107c8/greenlet-3.3.2-cp311-cp311-musllinux_1_2_aarch64.whl", hash = "sha256:442b6057453c8cb29b4fb36a2ac689382fc71112273726e2423f7f17dc73bf99", size = 1554649, upload-time = "2026-02-20T20:49:32.293Z" },
    { url = "https://files.pythonhosted.org/packages/5a/00/32d30dee8389dc36d42170a9c66217757289e2afb0de59a3565260f38373/greenlet-3.3.2-cp311-cp311-musllinux_1_2_x86_64.whl", hash = "sha256:45abe8eb6339518180d5a7fa47fa01945414d7cca5ecb745346fc6a87d2750be", size = 1619472, upload-time = "2026-02-20T20:21:07.966Z" },
    { url = "https://files.pythonhosted.org/packages/f1/3a/efb2cf697fbccdf75b24e2c18025e7dfa54c4f31fab75c51d0fe79942cef/greenlet-3.3.2-cp311-cp311-win_amd64.whl", hash = "sha256:1e692b2dae4cc7077cbb11b47d258533b48c8fde69a33d0d8a82e2fe8d8531d5", size = 230389, upload-time = "2026-02-20T20:17:18.772Z" },
    { url = "https://files.pythonhosted.org/packages/e1/a1/65bbc059a43a7e2143ec4fc1f9e3f673e04f9c7b371a494a101422ac4fd5/greenlet-3.3.2-cp311-cp311-win_arm64.whl", hash = "sha256:02b0a8682aecd4d3c6c18edf52bc8e51eacdd75c8eac52a790a210b06aa295fd", size = 229645, upload-time = "2026-02-20T20:18:18.695Z" },
    { url = "https://files.pythonhosted.org/packages/ea/ab/1608e5a7578e62113506740b88066bf09888322a311cff602105e619bd87/greenlet-3.3.2-cp312-cp312-macosx_11_0_universal2.whl", hash = "sha256:ac8d61d4343b799d1e526db579833d72f23759c71e07181c2d2944e429eb09cd", size = 280358, upload-time = "2026-02-20T20:17:43.971Z" },
    { url = "https://files.pythonhosted.org/packages/a5/23/0eae412a4ade4e6623ff7626e38998cb9b11e9ff1ebacaa021e4e108ec15/greenlet-3.3.2-cp312-cp312-manylinux_2_24_aarch64.manylinux_2_28_aarch64.whl", hash = "sha256:3ceec72030dae6ac0c8ed7591b96b70410a8be370b6a477b1dbc072856ad02bd", size = 601217, upload-time = "2026-02-20T20:47:31.462Z" },
    { url = "https://files.pythonhosted.org/packages/f8/16/5b1678a9c07098ecb9ab2dd159fafaf12e963293e61ee8d10ecb55273e5e/greenlet-3.3.2-cp312-cp312-manylinux_2_24_ppc64le.manylinux_2_28_ppc64le.whl", hash = "sha256:a2a5be83a45ce6188c045bcc44b0ee037d6a518978de9a5d97438548b953a1ac", size = 611792, upload-time = "2026-02-20T20:55:58.423Z" },
    { url = "https://files.pythonhosted.org/packages/50/1f/5155f55bd71cabd03765a4aac9ac446be129895271f73872c36ebd4b04b6/greenlet-3.3.2-cp312-cp312-manylinux_2_24_x86_64.manylinux_2_28_x86_64.whl", hash = "sha256:43e99d1749147ac21dde49b99c9abffcbc1e2d55c67501465ef0930d6e78e070", size = 613875, upload-time = "2026-02-20T20:21:01.102Z" },
    { url = "https://files.pythonhosted.org/packages/fc/dd/845f249c3fcd69e32df80cdab059b4be8b766ef5830a3d0aa9d6cad55beb/greenlet-3.3.2-cp312-cp312-musllinux_1_2_aarch64.whl", hash = "sha256:4c956a19350e2c37f2c48b336a3afb4bff120b36076d9d7fb68cb44e05d95b79", size = 1571467, upload-time = "2026-02-20T20:49:33.495Z" },
    { url = "https://files.pythonhosted.org/packages/2a/50/2649fe21fcc2b56659a452868e695634722a6655ba245d9f77f5656010bf/greenlet-3.3.2-cp312-cp312-musllinux_1_2_x86_64.whl", hash = "sha256:6c6f8ba97d17a1e7d664151284cb3315fc5f8353e75221ed4324f84eb162b395", size = 1640001, upload-time = "2026-02-20T20:21:09.154Z" },
    { url = "https://files.pythonhosted.org/packages/9b/40/cc802e067d02af8b60b6771cea7d57e21ef5e6659912814babb42b864713/greenlet-3.3.2-cp312-cp312-win_amd64.whl", hash = "sha256:34308836d8370bddadb41f5a7ce96879b72e2fdfb4e87729330c6ab52376409f", size = 231081, upload-time = "2026-02-20T20:17:28.121Z" },
    { url = "https://files.pythonhosted.org/packages/58/2e/fe7f36ff1982d6b10a60d5e0740c759259a7d6d2e1dc41da6d96de32fff6/greenlet-3.3.2-cp312-cp312-win_arm64.whl", hash = "sha256:d3a62fa76a32b462a97198e4c9e99afb9ab375115e74e9a83ce180e7a496f643", size = 230331, upload-time = "2026-02-20T20:17:23.34Z" },
    { url = "https://files.pythonhosted.org/packages/ac/48/f8b875fa7dea7dd9b33245e37f065af59df6a25af2f9561efa8d822fde51/greenlet-3.3.2-cp313-cp313-macosx_11_0_universal2.whl", hash = "sha256:aa6ac98bdfd716a749b84d4034486863fd81c3abde9aa3cf8eff9127981a4ae4", size = 279120, upload-time = "2026-02-20T20:19:01.9Z" },
    { url = "https://files.pythonhosted.org/packages/49/8d/9771d03e7a8b1ee456511961e1b97a6d77ae1dea4a34a5b98eee706689d3/greenlet-3.3.2-cp313-cp313-manylinux_2_24_aarch64.manylinux_2_28_aarch64.whl", hash = "sha256:ab0c7e7901a00bc0a7284907273dc165b32e0d109a6713babd04471327ff7986", size = 603238, upload-time = "2026-02-20T20:47:32.873Z" },
    { url = "https://files.pythonhosted.org/packages/59/0e/4223c2bbb63cd5c97f28ffb2a8aee71bdfb30b323c35d409450f51b91e3e/greenlet-3.3.2-cp313-cp313-manylinux_2_24_ppc64le.manylinux_2_28_ppc64le.whl", hash = "sha256:d248d8c23c67d2291ffd47af766e2a3aa9fa1c6703155c099feb11f526c63a92", size = 614219, upload-time = "2026-02-20T20:55:59.817Z" },
    { url = "https://files.pythonhosted.org/packages/7a/34/259b28ea7a2a0c904b11cd36c79b8cef8019b26ee5dbe24e73b469dea347/greenlet-3.3.2-cp313-cp313-manylinux_2_24_x86_64.manylinux_2_28_x86_64.whl", hash = "sha256:b6997d360a4e6a4e936c0f9625b1c20416b8a0ea18a8e19cabbefc712e7397ab", size = 616774, upload-time = "2026-02-20T20:21:02.454Z" },
    { url = "https://files.pythonhosted.org/packages/0a/03/996c2d1689d486a6e199cb0f1cf9e4aa940c500e01bdf201299d7d61fa69/greenlet-3.3.2-cp313-cp313-musllinux_1_2_aarch64.whl", hash = "sha256:64970c33a50551c7c50491671265d8954046cb6e8e2999aacdd60e439b70418a", size = 1571277, upload-time = "2026-02-20T20:49:34.795Z" },
    { url = "https://files.pythonhosted.org/packages/d9/c4/2570fc07f34a39f2caf0bf9f24b0a1a0a47bc2e8e465b2c2424821389dfc/greenlet-3.3.2-cp313-cp313-musllinux_1_2_x86_64.whl", hash = "sha256:1a9172f5bf6bd88e6ba5a84e0a68afeac9dc7b6b412b245dd64f52d83c81e55b", size = 1640455, upload-time = "2026-02-20T20:21:10.261Z" },
    { url = "https://files.pythonhosted.org/packages/91/39/5ef5aa23bc545aa0d31e1b9b55822b32c8da93ba657295840b6b34124009/greenlet-3.3.2-cp313-cp313-win_amd64.whl", hash = "sha256:a7945dd0eab63ded0a48e4dcade82939783c172290a7903ebde9e184333ca124", size = 230961, upload-time = "2026-02-20T20:16:58.461Z" },
    { url = "https://files.pythonhosted.org/packages/62/6b/a89f8456dcb06becff288f563618e9f20deed8dd29beea14f9a168aef64b/greenlet-3.3.2-cp313-cp313-win_arm64.whl", hash = "sha256:394ead29063ee3515b4e775216cb756b2e3b4a7e55ae8fd884f17fa579e6b327", size = 230221, upload-time = "2026-02-20T20:17:37.152Z" },
    { url = "https://files.pythonhosted.org/packages/3f/ae/8bffcbd373b57a5992cd077cbe8858fff39110480a9d50697091faea6f39/greenlet-3.3.2-cp314-cp314-macosx_11_0_universal2.whl", hash = "sha256:8d1658d7291f9859beed69a776c10822a0a799bc4bfe1bd4272bb60e62507dab", size = 279650, upload-time = "2026-02-20T20:18:00.783Z" },
    { url = "https://files.pythonhosted.org/packages/d1/c0/45f93f348fa49abf32ac8439938726c480bd96b2a3c6f4d949ec0124b69f/greenlet-3.3.2-cp314-cp314-manylinux_2_24_aarch64.manylinux_2_28_aarch64.whl", hash = "sha256:18cb1b7337bca281915b3c5d5ae19f4e76d35e1df80f4ad3c1a7be91fadf1082", size = 650295, upload-time = "2026-02-20T20:47:34.036Z" },
    { url = "https://files.pythonhosted.org/packages/b3/de/dd7589b3f2b8372069ab3e4763ea5329940fc7ad9dcd3e272a37516d7c9b/greenlet-3.3.2-cp314-cp314-manylinux_2_24_ppc64le.manylinux_2_28_ppc64le.whl", hash = "sha256:c2e47408e8ce1c6f1ceea0dffcdf6ebb85cc09e55c7af407c99f1112016e45e9", size = 662163, upload-time = "2026-02-20T20:56:01.295Z" },
    { url = "https://files.pythonhosted.org/packages/d2/d8/09bfa816572a4d83bccd6750df1926f79158b1c36c5f73786e26dbe4ee38/greenlet-3.3.2-cp314-cp314-manylinux_2_24_x86_64.manylinux_2_28_x86_64.whl", hash = "sha256:63d10328839d1973e5ba35e98cccbca71b232b14051fd957b6f8b6e8e80d0506", size = 664160, upload-time = "2026-02-20T20:21:04.015Z" },
    { url = "https://files.pythonhosted.org/packages/48/cf/56832f0c8255d27f6c35d41b5ec91168d74ec721d85f01a12131eec6b93c/greenlet-3.3.2-cp314-cp314-musllinux_1_2_aarch64.whl", hash = "sha256:8e4ab3cfb02993c8cc248ea73d7dae6cec0253e9afa311c9b37e603ca9fad2ce", size = 1619181, upload-time = "2026-02-20T20:49:36.052Z" },
    { url = "https://files.pythonhosted.org/packages/0a/23/b90b60a4aabb4cec0796e55f25ffbfb579a907c3898cd2905c8918acaa16/greenlet-3.3.2-cp314-cp314-musllinux_1_2_x86_64.whl", hash = "sha256:94ad81f0fd3c0c0681a018a976e5c2bd2ca2d9d94895f23e7bb1af4e8af4e2d5", size = 1687713, upload-time = "2026-02-20T20:21:11.684Z" },
    { url = "https://files.pythonhosted.org/packages/f3/ca/2101ca3d9223a1dc125140dbc063644dca76df6ff356531eb27bc267b446/greenlet-3.3.2-cp314-cp314-win_amd64.whl", hash = "sha256:8c4dd0f3997cf2512f7601563cc90dfb8957c0cff1e3a1b23991d4ea1776c492", size = 232034, upload-time = "2026-02-20T20:20:08.186Z" },
    { url = "https://files.pythonhosted.org/packages/f6/4a/ecf894e962a59dea60f04877eea0fd5724618da89f1867b28ee8b91e811f/greenlet-3.3.2-cp314-cp314-win_arm64.whl", hash = "sha256:cd6f9e2bbd46321ba3bbb4c8a15794d32960e3b0ae2cc4d49a1a53d314805d71", size = 231437, upload-time = "2026-02-20T20:18:59.722Z" },
    { url = "https://files.pythonhosted.org/packages/98/6d/8f2ef704e614bcf58ed43cfb8d87afa1c285e98194ab2cfad351bf04f81e/greenlet-3.3.2-cp314-cp314t-macosx_11_0_universal2.whl", hash = "sha256:e26e72bec7ab387ac80caa7496e0f908ff954f31065b0ffc1f8ecb1338b11b54", size = 286617, upload-time = "2026-02-20T20:19:29.856Z" },
    { url = "https://files.pythonhosted.org/packages/5e/0d/93894161d307c6ea237a43988f27eba0947b360b99ac5239ad3fe09f0b47/greenlet-3.3.2-cp314-cp314t-manylinux_2_24_aarch64.manylinux_2_28_aarch64.whl", hash = "sha256:8b466dff7a4ffda6ca975979bab80bdadde979e29fc947ac3be4451428d8b0e4", size = 655189, upload-time = "2026-02-20T20:47:35.742Z" },
    { url = "https://files.pythonhosted.org/packages/f5/2c/d2d506ebd8abcb57386ec4f7ba20f4030cbe56eae541bc6fd6ef399c0b41/greenlet-3.3.2-cp314-cp314t-manylinux_2_24_ppc64le.manylinux_2_28_ppc64le.whl", hash = "sha256:b8bddc5b73c9720bea487b3bffdb1840fe4e3656fba3bd40aa1489e9f37877ff", size = 658225, upload-time = "2026-02-20T20:56:02.527Z" },
    { url = "https://files.pythonhosted.org/packages/8e/30/3a09155fbf728673a1dea713572d2d31159f824a37c22da82127056c44e4/greenlet-3.3.2-cp314-cp314t-manylinux_2_24_x86_64.manylinux_2_28_x86_64.whl", hash = "sha256:b26b0f4428b871a751968285a1ac9648944cea09807177ac639b030bddebcea4", size = 657907, upload-time = "2026-02-20T20:21:05.259Z" },
    { url = "https://files.pythonhosted.org/packages/f3/fd/d05a4b7acd0154ed758797f0a43b4c0962a843bedfe980115e842c5b2d08/greenlet-3.3.2-cp314-cp314t-musllinux_1_2_aarch64.whl", hash = "sha256:1fb39a11ee2e4d94be9a76671482be9398560955c9e568550de0224e41104727", size = 1618857, upload-time = "2026-02-20T20:49:37.309Z" },
    { url = "https://files.pythonhosted.org/packages/6f/e1/50ee92a5db521de8f35075b5eff060dd43d39ebd46c2181a2042f7070385/greenlet-3.3.2-cp314-cp314t-musllinux_1_2_x86_64.whl", hash = "sha256:20154044d9085151bc309e7689d6f7ba10027f8f5a8c0676ad398b951913d89e", size = 1680010, upload-time = "2026-02-20T20:21:13.427Z" },
    { url = "https://files.pythonhosted.org/packages/29/4b/45d90626aef8e65336bed690106d1382f7a43665e2249017e9527df8823b/greenlet-3.3.2-cp314-cp314t-win_amd64.whl", hash = "sha256:c04c5e06ec3e022cbfe2cd4a846e1d4e50087444f875ff6d2c2ad8445495cf1a", size = 237086, upload-time = "2026-02-20T20:20:45.786Z" },
]

[[package]]
name = "sqlalchemy"
version = "2.0.49"
source = { registry = "https://pypi.org/simple" }
dependencies = [
    { name = "greenlet", version = "3.2.5", source = { registry = "https://pypi.org/simple" }, marker = "(python_full_version < '3.10' and platform_machine == 'AMD64') or (python_full_version < '3.10' and platform_machine == 'WIN32') or (python_full_version < '3.10' and platform_machine == 'aarch64') or (python_full_version < '3.10' and platform_machine == 'amd64') or (python_full_version < '3.10' and platform_machine == 'ppc64le') or (python_full_version < '3.10' and platform_machine == 'win32') or (python_full_version < '3.10' and platform_machine == 'x86_64')" },
    { name = "greenlet", version = "3.3.2", source = { registry = "https://pypi.org/simple" }, marker = "(python_full_version >= '3.10' and platform_machine == 'AMD64') or (python_full_version >= '3.10' and platform_machine == 'WIN32') or (python_full_version >= '3.10' and platform_machine == 'aarch64') or (python_full_version >= '3.10' and platform_machine == 'amd64') or (python_full_version >= '3.10' and platform_machine == 'ppc64le') or (python_full_version >= '3.10' and platform_machine == 'win32') or (python_full_version >= '3.10' and platform_machine == 'x86_64')" },
    { name = "typing-extensions" },
]
sdist = { url = "https://files.pythonhosted.org/packages/09/45/461788f35e0364a8da7bda51a1fe1b09762d0c32f12f63727998d85a873b/sqlalchemy-2.0.49.tar.gz", hash = "sha256:d15950a57a210e36dd4cec1aac22787e2a4d57ba9318233e2ef8b2daf9ff2d5f", size = 9898221, upload-time = "2026-04-03T16:38:11.704Z" }
wheels = [
    { url = "https://files.pythonhosted.org/packages/96/76/f908955139842c362aa877848f42f9249642d5b69e06cee9eae5111da1bd/sqlalchemy-2.0.49-cp310-cp310-macosx_11_0_arm64.whl", hash = "sha256:42e8804962f9e6f4be2cbaedc0c3718f08f60a16910fa3d86da5a1e3b1bfe60f", size = 2159321, upload-time = "2026-04-03T16:50:11.8Z" },
    { url = "https://files.pythonhosted.org/packages/24/e2/17ba0b7bfbd8de67196889b6d951de269e8a46057d92baca162889beb16d/sqlalchemy-2.0.49-cp310-cp310-manylinux2014_aarch64.manylinux_2_17_aarch64.manylinux_2_28_aarch64.whl", hash = "sha256:cc992c6ed024c8c3c592c5fc9846a03dd68a425674900c70122c77ea16c5fb0b", size = 3238937, upload-time = "2026-04-03T16:54:45.731Z" },
    { url = "https://files.pythonhosted.org/packages/90/1e/410dd499c039deacff395eec01a9da057125fcd0c97e3badc252c6a2d6a7/sqlalchemy-2.0.49-cp310-cp310-manylinux2014_x86_64.manylinux_2_17_x86_64.manylinux_2_28_x86_64.whl", hash = "sha256:6eb188b84269f357669b62cb576b5b918de10fb7c728a005fa0ebb0b758adce1", size = 3237188, upload-time = "2026-04-03T16:56:53.217Z" },
    { url = "https://files.pythonhosted.org/packages/ab/06/e797a8b98a3993ac4bc785309b9b6d005457fc70238ee6cefa7c8867a92e/sqlalchemy-2.0.49-cp310-cp310-musllinux_1_2_aarch64.whl", hash = "sha256:62557958002b69699bdb7f5137c6714ca1133f045f97b3903964f47db97ea339", size = 3190061, upload-time = "2026-04-03T16:54:47.489Z" },
    { url = "https://files.pythonhosted.org/packages/44/d3/5a9f7ef580af1031184b38235da6ac58c3b571df01c9ec061c44b2b0c5a6/sqlalchemy-2.0.49-cp310-cp310-musllinux_1_2_x86_64.whl", hash = "sha256:da9b91bca419dc9b9267ffadde24eae9b1a6bffcd09d0a207e5e3af99a03ce0d", size = 3211477, upload-time = "2026-04-03T16:56:55.056Z" },
    { url = "https://files.pythonhosted.org/packages/69/ec/7be8c8cb35f038e963a203e4fe5a028989167cc7299927b7cf297c271e37/sqlalchemy-2.0.49-cp310-cp310-win32.whl", hash = "sha256:5e61abbec255be7b122aa461021daa7c3f310f3e743411a67079f9b3cc91ece3", size = 2119965, upload-time = "2026-04-03T17:00:50.009Z" },
    { url = "https://files.pythonhosted.org/packages/b5/31/0defb93e3a10b0cf7d1271aedd87251a08c3a597ee4f353281769b547b5a/sqlalchemy-2.0.49-cp310-cp310-win_amd64.whl", hash = "sha256:0c98c59075b890df8abfcc6ad632879540f5791c68baebacb4f833713b510e75", size = 2142935, upload-time = "2026-04-03T17:00:51.675Z" },
    { url = "https://files.pythonhosted.org/packages/60/b5/e3617cc67420f8f403efebd7b043128f94775e57e5b84e7255203390ceae/sqlalchemy-2.0.49-cp311-cp311-macosx_11_0_arm64.whl", hash = "sha256:c5070135e1b7409c4161133aa525419b0062088ed77c92b1da95366ec5cbebbe", size = 2159126, upload-time = "2026-04-03T16:50:13.242Z" },
    { url = "https://files.pythonhosted.org/packages/20/9b/91ca80403b17cd389622a642699e5f6564096b698e7cdcbcbb6409898bc4/sqlalchemy-2.0.49-cp311-cp311-manylinux2014_aarch64.manylinux_2_17_aarch64.manylinux_2_28_aarch64.whl", hash = "sha256:9ac7a3e245fd0310fd31495eb61af772e637bdf7d88ee81e7f10a3f271bff014", size = 3315509, upload-time = "2026-04-03T16:54:49.332Z" },
    { url = "https://files.pythonhosted.org/packages/b1/61/0722511d98c54de95acb327824cb759e8653789af2b1944ab1cc69d32565/sqlalchemy-2.0.49-cp311-cp311-manylinux2014_x86_64.manylinux_2_17_x86_64.manylinux_2_28_x86_64.whl", hash = "sha256:4d4e5a0ceba319942fa6b585cf82539288a61e314ef006c1209f734551ab9536", size = 3315014, upload-time = "2026-04-03T16:56:56.376Z" },
    { url = "https://files.pythonhosted.org/packages/46/55/d514a653ffeb4cebf4b54c47bec32ee28ad89d39fafba16eeed1d81dccd5/sqlalchemy-2.0.49-cp311-cp311-musllinux_1_2_aarch64.whl", hash = "sha256:3ddcb27fb39171de36e207600116ac9dfd4ae46f86c82a9bf3934043e80ebb88", size = 3267388, upload-time = "2026-04-03T16:54:51.272Z" },
    { url = "https://files.pythonhosted.org/packages/2f/16/0dcc56cb6d3335c1671a2258f5d2cb8267c9a2260e27fde53cbfb1b3540a/sqlalchemy-2.0.49-cp311-cp311-musllinux_1_2_x86_64.whl", hash = "sha256:32fe6a41ad97302db2931f05bb91abbcc65b5ce4c675cd44b972428dd2947700", size = 3289602, upload-time = "2026-04-03T16:56:57.63Z" },
    { url = "https://files.pythonhosted.org/packages/51/6c/f8ab6fb04470a133cd80608db40aa292e6bae5f162c3a3d4ab19544a67af/sqlalchemy-2.0.49-cp311-cp311-win32.whl", hash = "sha256:46d51518d53edfbe0563662c96954dc8fcace9832332b914375f45a99b77cc9a", size = 2119044, upload-time = "2026-04-03T17:00:53.455Z" },
    { url = "https://files.pythonhosted.org/packages/c4/59/55a6d627d04b6ebb290693681d7683c7da001eddf90b60cfcc41ee907978/sqlalchemy-2.0.49-cp311-cp311-win_amd64.whl", hash = "sha256:951d4a210744813be63019f3df343bf233b7432aadf0db54c75802247330d3af", size = 2143642, upload-time = "2026-04-03T17:00:54.769Z" },
    { url = "https://files.pythonhosted.org/packages/49/b3/2de412451330756aaaa72d27131db6dde23995efe62c941184e15242a5fa/sqlalchemy-2.0.49-cp312-cp312-macosx_11_0_arm64.whl", hash = "sha256:4bbccb45260e4ff1b7db0be80a9025bb1e6698bdb808b83fff0000f7a90b2c0b", size = 2157681, upload-time = "2026-04-03T16:53:07.132Z" },
    { url = "https://files.pythonhosted.org/packages/50/84/b2a56e2105bd11ebf9f0b93abddd748e1a78d592819099359aa98134a8bf/sqlalchemy-2.0.49-cp312-cp312-manylinux2014_aarch64.manylinux_2_17_aarch64.manylinux_2_28_aarch64.whl", hash = "sha256:fb37f15714ec2652d574f021d479e78cd4eb9d04396dca36568fdfffb3487982", size = 3338976, upload-time = "2026-04-03T17:07:40Z" },
    { url = "https://files.pythonhosted.org/packages/2c/fa/65fcae2ed62f84ab72cf89536c7c3217a156e71a2c111b1305ab6f0690e2/sqlalchemy-2.0.49-cp312-cp312-manylinux2014_x86_64.manylinux_2_17_x86_64.manylinux_2_28_x86_64.whl", hash = "sha256:3bb9ec6436a820a4c006aad1ac351f12de2f2dbdaad171692ee457a02429b672", size = 3351937, upload-time = "2026-04-03T17:12:23.374Z" },
    { url = "https://files.pythonhosted.org/packages/f8/2f/6fd118563572a7fe475925742eb6b3443b2250e346a0cc27d8d408e73773/sqlalchemy-2.0.49-cp312-cp312-musllinux_1_2_aarch64.whl", hash = "sha256:8d6efc136f44a7e8bc8088507eaabbb8c2b55b3dbb63fe102c690da0ddebe55e", size = 3281646, upload-time = "2026-04-03T17:07:41.949Z" },
    { url = "https://files.pythonhosted.org/packages/c5/d7/410f4a007c65275b9cf82354adb4bb8ba587b176d0a6ee99caa16fe638f8/sqlalchemy-2.0.49-cp312-cp312-musllinux_1_2_x86_64.whl", hash = "sha256:e06e617e3d4fd9e51d385dfe45b077a41e9d1b033a7702551e3278ac597dc750", size = 3316695, upload-time = "2026-04-03T17:12:25.642Z" },
    { url = "https://files.pythonhosted.org/packages/d9/95/81f594aa60ded13273a844539041ccf1e66c5a7bed0a8e27810a3b52d522/sqlalchemy-2.0.49-cp312-cp312-win32.whl", hash = "sha256:83101a6930332b87653886c01d1ee7e294b1fe46a07dd9a2d2b4f91bcc88eec0", size = 2117483, upload-time = "2026-04-03T17:05:40.896Z" },
    { url = "https://files.pythonhosted.org/packages/47/9e/fd90114059175cac64e4fafa9bf3ac20584384d66de40793ae2e2f26f3bb/sqlalchemy-2.0.49-cp312-cp312-win_amd64.whl", hash = "sha256:618a308215b6cececb6240b9abde545e3acdabac7ae3e1d4e666896bf5ba44b4", size = 2144494, upload-time = "2026-04-03T17:05:42.282Z" },
    { url = "https://files.pythonhosted.org/packages/ae/81/81755f50eb2478eaf2049728491d4ea4f416c1eb013338682173259efa09/sqlalchemy-2.0.49-cp313-cp313-macosx_11_0_arm64.whl", hash = "sha256:df2d441bacf97022e81ad047e1597552eb3f83ca8a8f1a1fdd43cd7fe3898120", size = 2154547, upload-time = "2026-04-03T16:53:08.64Z" },
    { url = "https://files.pythonhosted.org/packages/a2/bc/3494270da80811d08bcfa247404292428c4fe16294932bce5593f215cad9/sqlalchemy-2.0.49-cp313-cp313-manylinux2014_aarch64.manylinux_2_17_aarch64.manylinux_2_28_aarch64.whl", hash = "sha256:8e20e511dc15265fb433571391ba313e10dd8ea7e509d51686a51313b4ac01a2", size = 3280782, upload-time = "2026-04-03T17:07:43.508Z" },
    { url = "https://files.pythonhosted.org/packages/cd/f5/038741f5e747a5f6ea3e72487211579d8cbea5eb9827a9cbd61d0108c4bd/sqlalchemy-2.0.49-cp313-cp313-manylinux2014_x86_64.manylinux_2_17_x86_64.manylinux_2_28_x86_64.whl", hash = "sha256:47604cb2159f8bbd5a1ab48a714557156320f20871ee64d550d8bf2683d980d3", size = 3297156, upload-time = "2026-04-03T17:12:27.697Z" },
    { url = "https://files.pythonhosted.org/packages/88/50/a6af0ff9dc954b43a65ca9b5367334e45d99684c90a3d3413fc19a02d43c/sqlalchemy-2.0.49-cp313-cp313-musllinux_1_2_aarch64.whl", hash = "sha256:22d8798819f86720bc646ab015baff5ea4c971d68121cb36e2ebc2ee43ead2b7", size = 3228832, upload-time = "2026-04-03T17:07:45.38Z" },
    { url = "https://files.pythonhosted.org/packages/bc/d1/5f6bdad8de0bf546fc74370939621396515e0cdb9067402d6ba1b8afbe9a/sqlalchemy-2.0.49-cp313-cp313-musllinux_1_2_x86_64.whl", hash = "sha256:9b1c058c171b739e7c330760044803099c7fff11511e3ab3573e5327116a9c33", size = 3267000, upload-time = "2026-04-03T17:12:29.657Z" },
    { url = "https://files.pythonhosted.org/packages/f7/30/ad62227b4a9819a5e1c6abff77c0f614fa7c9326e5a3bdbee90f7139382b/sqlalchemy-2.0.49-cp313-cp313-win32.whl", hash = "sha256:a143af2ea6672f2af3f44ed8f9cd020e9cc34c56f0e8db12019d5d9ecf41cb3b", size = 2115641, upload-time = "2026-04-03T17:05:43.989Z" },
    { url = "https://files.pythonhosted.org/packages/17/3a/7215b1b7d6d49dc9a87211be44562077f5f04f9bb5a59552c1c8e2d98173/sqlalchemy-2.0.49-cp313-cp313-win_amd64.whl", hash = "sha256:12b04d1db2663b421fe072d638a138460a51d5a862403295671c4f3987fb9148", size = 2141498, upload-time = "2026-04-03T17:05:45.7Z" },
    { url = "https://files.pythonhosted.org/packages/28/4b/52a0cb2687a9cd1648252bb257be5a1ba2c2ded20ba695c65756a55a15a4/sqlalchemy-2.0.49-cp313-cp313t-manylinux2014_aarch64.manylinux_2_17_aarch64.manylinux_2_28_aarch64.whl", hash = "sha256:24bd94bb301ec672d8f0623eba9226cc90d775d25a0c92b5f8e4965d7f3a1518", size = 3560807, upload-time = "2026-04-03T16:58:31.666Z" },
    { url = "https://files.pythonhosted.org/packages/8c/d8/fda95459204877eed0458550d6c7c64c98cc50c2d8d618026737de9ed41a/sqlalchemy-2.0.49-cp313-cp313t-manylinux2014_x86_64.manylinux_2_17_x86_64.manylinux_2_28_x86_64.whl", hash = "sha256:a51d3db74ba489266ef55c7a4534eb0b8db9a326553df481c11e5d7660c8364d", size = 3527481, upload-time = "2026-04-03T17:06:00.155Z" },
    { url = "https://files.pythonhosted.org/packages/ff/0a/2aac8b78ac6487240cf7afef8f203ca783e8796002dc0cf65c4ee99ff8bb/sqlalchemy-2.0.49-cp313-cp313t-musllinux_1_2_aarch64.whl", hash = "sha256:55250fe61d6ebfd6934a272ee16ef1244e0f16b7af6cd18ab5b1fc9f08631db0", size = 3468565, upload-time = "2026-04-03T16:58:33.414Z" },
    { url = "https://files.pythonhosted.org/packages/a5/3d/ce71cfa82c50a373fd2148b3c870be05027155ce791dc9a5dcf439790b8b/sqlalchemy-2.0.49-cp313-cp313t-musllinux_1_2_x86_64.whl", hash = "sha256:46796877b47034b559a593d7e4b549aba151dae73f9e78212a3478161c12ab08", size = 3477769, upload-time = "2026-04-03T17:06:02.787Z" },
    { url = "https://files.pythonhosted.org/packages/d5/e8/0a9f5c1f7c6f9ca480319bf57c2d7423f08d31445974167a27d14483c948/sqlalchemy-2.0.49-cp313-cp313t-win32.whl", hash = "sha256:9c4969a86e41454f2858256c39bdfb966a20961e9b58bf8749b65abf447e9a8d", size = 2143319, upload-time = "2026-04-03T17:02:04.328Z" },
    { url = "https://files.pythonhosted.org/packages/0e/51/fb5240729fbec73006e137c4f7a7918ffd583ab08921e6ff81a999d6517a/sqlalchemy-2.0.49-cp313-cp313t-win_amd64.whl", hash = "sha256:b9870d15ef00e4d0559ae10ee5bc71b654d1f20076dbe8bc7ed19b4c0625ceba", size = 2175104, upload-time = "2026-04-03T17:02:05.989Z" },
    { url = "https://files.pythonhosted.org/packages/55/33/bf28f618c0a9597d14e0b9ee7d1e0622faff738d44fe986ee287cdf1b8d0/sqlalchemy-2.0.49-cp314-cp314-macosx_11_0_arm64.whl", hash = "sha256:233088b4b99ebcbc5258c755a097aa52fbf90727a03a5a80781c4b9c54347a2e", size = 2156356, upload-time = "2026-04-03T16:53:09.914Z" },
    { url = "https://files.pythonhosted.org/packages/d1/a7/5f476227576cb8644650eff68cc35fa837d3802b997465c96b8340ced1e2/sqlalchemy-2.0.49-cp314-cp314-manylinux2014_aarch64.manylinux_2_17_aarch64.manylinux_2_28_aarch64.whl", hash = "sha256:57ca426a48eb2c682dae8204cd89ea8ab7031e2675120a47924fabc7caacbc2a", size = 3276486, upload-time = "2026-04-03T17:07:46.9Z" },
    { url = "https://files.pythonhosted.org/packages/2e/84/efc7c0bf3a1c5eef81d397f6fddac855becdbb11cb38ff957888603014a7/sqlalchemy-2.0.49-cp314-cp314-manylinux2014_x86_64.manylinux_2_17_x86_64.manylinux_2_28_x86_64.whl", hash = "sha256:685e93e9c8f399b0c96a624799820176312f5ceef958c0f88215af4013d29066", size = 3281479, upload-time = "2026-04-03T17:12:32.226Z" },
    { url = "https://files.pythonhosted.org/packages/91/68/bb406fa4257099c67bd75f3f2261b129c63204b9155de0d450b37f004698/sqlalchemy-2.0.49-cp314-cp314-musllinux_1_2_aarch64.whl", hash = "sha256:9e0400fa22f79acc334d9a6b185dc00a44a8e6578aa7e12d0ddcd8434152b187", size = 3226269, upload-time = "2026-04-03T17:07:48.678Z" },
    { url = "https://files.pythonhosted.org/packages/67/84/acb56c00cca9f251f437cb49e718e14f7687505749ea9255d7bd8158a6df/sqlalchemy-2.0.49-cp314-cp314-musllinux_1_2_x86_64.whl", hash = "sha256:a05977bffe9bffd2229f477fa75eabe3192b1b05f408961d1bebff8d1cd4d401", size = 3248260, upload-time = "2026-04-03T17:12:34.381Z" },
    { url = "https://files.pythonhosted.org/packages/56/19/6a20ea25606d1efd7bd1862149bb2a22d1451c3f851d23d887969201633f/sqlalchemy-2.0.49-cp314-cp314-win32.whl", hash = "sha256:0f2fa354ba106eafff2c14b0cc51f22801d1e8b2e4149342023bd6f0955de5f5", size = 2118463, upload-time = "2026-04-03T17:05:47.093Z" },
    { url = "https://files.pythonhosted.org/packages/cf/4f/8297e4ed88e80baa1f5aa3c484a0ee29ef3c69c7582f206c916973b75057/sqlalchemy-2.0.49-cp314-cp314-win_amd64.whl", hash = "sha256:77641d299179c37b89cf2343ca9972c88bb6eef0d5fc504a2f86afd15cd5adf5", size = 2144204, upload-time = "2026-04-03T17:05:48.694Z" },
    { url = "https://files.pythonhosted.org/packages/1f/33/95e7216df810c706e0cd3655a778604bbd319ed4f43333127d465a46862d/sqlalchemy-2.0.49-cp314-cp314t-manylinux2014_aarch64.manylinux_2_17_aarch64.manylinux_2_28_aarch64.whl", hash = "sha256:c1dc3368794d522f43914e03312202523cc89692f5389c32bea0233924f8d977", size = 3565474, upload-time = "2026-04-03T16:58:35.128Z" },
    { url = "https://files.pythonhosted.org/packages/0c/a4/ed7b18d8ccf7f954a83af6bb73866f5bc6f5636f44c7731fbb741f72cc4f/sqlalchemy-2.0.49-cp314-cp314t-manylinux2014_x86_64.manylinux_2_17_x86_64.manylinux_2_28_x86_64.whl", hash = "sha256:7c821c47ecfe05cc32140dcf8dc6fd5d21971c86dbd56eabfe5ba07a64910c01", size = 3530567, upload-time = "2026-04-03T17:06:04.587Z" },
    { url = "https://files.pythonhosted.org/packages/73/a3/20faa869c7e21a827c4a2a42b41353a54b0f9f5e96df5087629c306df71e/sqlalchemy-2.0.49-cp314-cp314t-musllinux_1_2_aarch64.whl", hash = "sha256:9c04bff9a5335eb95c6ecf1c117576a0aa560def274876fd156cfe5510fccc61", size = 3474282, upload-time = "2026-04-03T16:58:37.131Z" },
    { url = "https://files.pythonhosted.org/packages/b7/50/276b9a007aa0764304ad467eceb70b04822dc32092492ee5f322d559a4dc/sqlalchemy-2.0.49-cp314-cp314t-musllinux_1_2_x86_64.whl", hash = "sha256:7f605a456948c35260e7b2a39f8952a26f077fd25653c37740ed186b90aaa68a", size = 3480406, upload-time = "2026-04-03T17:06:07.176Z" },
    { url = "https://files.pythonhosted.org/packages/e5/c3/c80fcdb41905a2df650c2a3e0337198b6848876e63d66fe9188ef9003d24/sqlalchemy-2.0.49-cp314-cp314t-win32.whl", hash = "sha256:6270d717b11c5476b0cbb21eedc8d4dbb7d1a956fd6c15a23e96f197a6193158", size = 2149151, upload-time = "2026-04-03T17:02:07.281Z" },
    { url = "https://files.pythonhosted.org/packages/05/52/9f1a62feab6ed368aff068524ff414f26a6daebc7361861035ae00b05530/sqlalchemy-2.0.49-cp314-cp314t-win_amd64.whl", hash = "sha256:275424295f4256fd301744b8f335cff367825d270f155d522b30c7bf49903ee7", size = 2184178, upload-time = "2026-04-03T17:02:08.623Z" },
    { url = "https://files.pythonhosted.org/packages/1d/64/6eb36149b96796ecbc1e2438959d08475e1f8765acbe007f4785a603c39c/sqlalchemy-2.0.49-cp39-cp39-macosx_11_0_arm64.whl", hash = "sha256:43d044780732d9e0381ac8d5316f95d7f02ef04d6e4ef6dc82379f09795d993f", size = 2162373, upload-time = "2026-04-03T16:49:49.55Z" },
    { url = "https://files.pythonhosted.org/packages/b0/96/87e57cfa06af0032a7470660d33e93ad0a2480781bb7705f4312471b993e/sqlalchemy-2.0.49-cp39-cp39-manylinux2014_aarch64.manylinux_2_17_aarch64.manylinux_2_28_aarch64.whl", hash = "sha256:7d6be30b2a75362325176c036d7fb8d19e8846c77e87683ffaa8177b35135613", size = 3237991, upload-time = "2026-04-03T17:04:07.027Z" },
    { url = "https://files.pythonhosted.org/packages/b7/aa/0099d0d554313c3587155b60288a9900660afc9989bf382176a5f4d7531b/sqlalchemy-2.0.49-cp39-cp39-manylinux2014_x86_64.manylinux_2_17_x86_64.manylinux_2_28_x86_64.whl", hash = "sha256:d898cc2c76c135ef65517f4ddd7a3512fb41f23087b0650efb3418b8389a3cd1", size = 3237313, upload-time = "2026-04-03T17:09:53.187Z" },
    { url = "https://files.pythonhosted.org/packages/d5/9b/a61fcb2e8439a2282e4ac0086bb613e88cd18168cddb358fa2c5790d4705/sqlalchemy-2.0.49-cp39-cp39-musllinux_1_2_aarch64.whl", hash = "sha256:059d7151fff513c53a4638da8778be7fce81a0c4854c7348ebd0c4078ddf28fe", size = 3187435, upload-time = "2026-04-03T17:04:08.956Z" },
    { url = "https://files.pythonhosted.org/packages/92/b5/2165d3f8fa593f20039505af15474f63e85ffd7998afb6218b0fc0cd98e0/sqlalchemy-2.0.49-cp39-cp39-musllinux_1_2_x86_64.whl", hash = "sha256:334edbcff10514ad1d66e3a70b339c0a29886394892490119dbb669627b17717", size = 3209446, upload-time = "2026-04-03T17:09:55.81Z" },
    { url = "https://files.pythonhosted.org/packages/23/8d/9630ddc9a4db638a7f29954b9e667a4ece41ff65e117460473ca41f06945/sqlalchemy-2.0.49-cp39-cp39-win32.whl", hash = "sha256:74ab4ee7794d7ed1b0c37e7333640e0f0a626fc7b398c07a7aef52f484fddde3", size = 2121680, upload-time = "2026-04-03T16:55:23.258Z" },
    { url = "https://files.pythonhosted.org/packages/e1/5c/480f5d8c737cfb4a494f87de6e0e58a6b6346a0f4db1fa8122c89828e32d/sqlalchemy-2.0.49-cp39-cp39-win_amd64.whl", hash = "sha256:88690f4e1f0fbf5339bedbb127e240fec1fd3070e9934c0b7bef83432f779d2f", size = 2144917, upload-time = "2026-04-03T16:55:24.701Z" },
    { url = "https://files.pythonhosted.org/packages/e5/30/8519fdde58a7bdf155b714359791ad1dc018b47d60269d5d160d311fdc36/sqlalchemy-2.0.49-py3-none-any.whl", hash = "sha256:ec44cfa7ef1a728e88ad41674de50f6db8cfdb3e2af84af86e0041aaf02d43d0", size = 1942158, upload-time = "2026-04-03T16:53:44.135Z" },
]

[[package]]
name = "typing-extensions"
version = "4.15.0"
source = { registry = "https://pypi.org/simple" }
sdist = { url = "https://files.pythonhosted.org/packages/72/94/1a15dd82efb362ac84269196e94cf00f187f7ed21c242792a923cdb1c61f/typing_extensions-4.15.0.tar.gz", hash = "sha256:0cea48d173cc12fa28ecabc3b837ea3cf6f38c6d1136f85cbaaf598984861466", size = 109391, upload-time = "2025-08-25T13:49:26.313Z" }
wheels = [
    { url = "https://files.pythonhosted.org/packages/18/67/36e9267722cc04a6b9f15c7f3441c2363321a3ea07da7ae0c0707beb2a9c/typing_extensions-4.15.0-py3-none-any.whl", hash = "sha256:f0fa19c6845758ab08074a0cfa8b7aecb71c999ca73d62883bc25cc018c4e548", size = 44614, upload-time = "2025-08-25T13:49:24.86Z" },
]
